
Microsoft Visual Studio Solution File, Format Version 12.00
# Visual Studio Version 17
VisualStudioVersion = 17.9.34723.18
MinimumVisualStudioVersion = 10.0.40219.1
Project("{FAE04EC0-301F-11D3-BF4B-00C04F79EFBC}") = "Music Station", "Music Station\Music Station.csproj", "{8A6F761B-83D9-4053-9CE2-6B4385A51736}"
EndProject
Global
	GlobalSection(SolutionConfigurationPlatforms) = preSolution
		Debug|Any CPU = Debug|Any CPU
		Release|Any CPU = Release|Any CPU
	EndGlobalSection
	GlobalSection(ProjectConfigurationPlatforms) = postSolution
		{8A6F761B-83D9-4053-9CE2-6B4385A51736}.Debug|Any CPU.ActiveCfg = Debug|Any CPU
		{8A6F761B-83D9-4053-9CE2-6B4385A51736}.Debug|Any CPU.Build.0 = Debug|Any CPU
		{8A6F761B-83D9-4053-9CE2-6B4385A51736}.Release|Any CPU.ActiveCfg = Release|Any CPU
		{8A6F761B-83D9-4053-9CE2-6B4385A51736}.Release|Any CPU.Build.0 = Release|Any CPU
	EndGlobalSection
	GlobalSection(SolutionProperties) = preSolution
		HideSolutionNode = FALSE
	EndGlobalSection
	GlobalSection(ExtensibilityGlobals) = postSolution
		SolutionGuid = {B1693051-FC86-4A7E-9113-1594817F740F}
	EndGlobalSection
EndGlobal
